
Microsoft Visual Studio Solution File, Format Version 12.00
# Visual Studio Version 16
VisualStudioVersion = 16.0.29519.181
MinimumVisualStudioVersion = 10.0.40219.1
Project("{FAE04EC0-301F-11D3-BF4B-00C04F79EFBC}") = "JobsAndJobDetails", "JobsAndJobDetails.csproj", "{339FD05E-9E7F-483F-B4E8-78D8BC671FEB}"
EndProject
Global
	GlobalSection(SolutionConfigurationPlatforms) = preSolution
		Debug|Any CPU = Debug|Any CPU
		Release|Any CPU = Release|Any CPU
	EndGlobalSection
	GlobalSection(ProjectConfigurationPlatforms) = postSolution
		{339FD05E-9E7F-483F-B4E8-78D8BC671FEB}.Debug|Any CPU.ActiveCfg = Debug|Any CPU
		{339FD05E-9E7F-483F-B4E8-78D8BC671FEB}.Debug|Any CPU.Build.0 = Debug|Any CPU
		{339FD05E-9E7F-483F-B4E8-78D8BC671FEB}.Release|Any CPU.ActiveCfg = Release|Any CPU
		{339FD05E-9E7F-483F-B4E8-78D8BC671FEB}.Release|Any CPU.Build.0 = Release|Any CPU
	EndGlobalSection
	GlobalSection(SolutionProperties) = preSolution
		HideSolutionNode = FALSE
	EndGlobalSection
	GlobalSection(ExtensibilityGlobals) = postSolution
		SolutionGuid = {C3B3551A-C141-40CE-98D6-7AAC6E7397D3}
	EndGlobalSection
EndGlobal
