
Microsoft Visual Studio Solution File, Format Version 12.00
# Visual Studio Version 16
VisualStudioVersion = 16.0.29519.181
MinimumVisualStudioVersion = 10.0.40219.1
Project("{9A19103F-16F7-4668-BE54-9A1E7A4F7556}") = "UsingQuartz", "UsingQuartz.csproj", "{B2918A0B-21A5-4D2E-BA7F-87D62F8F5FB4}"
EndProject
Global
	GlobalSection(SolutionConfigurationPlatforms) = preSolution
		Debug|Any CPU = Debug|Any CPU
		Release|Any CPU = Release|Any CPU
	EndGlobalSection
	GlobalSection(ProjectConfigurationPlatforms) = postSolution
		{B2918A0B-21A5-4D2E-BA7F-87D62F8F5FB4}.Debug|Any CPU.ActiveCfg = Debug|Any CPU
		{B2918A0B-21A5-4D2E-BA7F-87D62F8F5FB4}.Debug|Any CPU.Build.0 = Debug|Any CPU
		{B2918A0B-21A5-4D2E-BA7F-87D62F8F5FB4}.Release|Any CPU.ActiveCfg = Release|Any CPU
		{B2918A0B-21A5-4D2E-BA7F-87D62F8F5FB4}.Release|Any CPU.Build.0 = Release|Any CPU
	EndGlobalSection
	GlobalSection(SolutionProperties) = preSolution
		HideSolutionNode = FALSE
	EndGlobalSection
	GlobalSection(ExtensibilityGlobals) = postSolution
		SolutionGuid = {AF9EDFEA-F9B6-4CFA-BA8F-AEA17EAC8E9A}
	EndGlobalSection
EndGlobal
